// !$*UTF8*$!
{
	archiveVersion = 1;
	classes = {
	};
	objectVersion = 46;
	objects = {

/* Begin PBXBuildFile section */
		420AD2681D42BD0D0017BCEE /* AppDelegate.swift in Sources */ = {isa = PBXBuildFile; fileRef = 420AD2671D42BD0D0017BCEE /* AppDelegate.swift */; };
		420AD26D1D42BD0D0017BCEE /* Main.storyboard in Resources */ = {isa = PBXBuildFile; fileRef = 420AD26B1D42BD0D0017BCEE /* Main.storyboard */; };
		420AD26F1D42BD0D0017BCEE /* Assets.xcassets in Resources */ = {isa = PBXBuildFile; fileRef = 420AD26E1D42BD0D0017BCEE /* Assets.xcassets */; };
		420AD2721D42BD0D0017BCEE /* LaunchScreen.storyboard in Resources */ = {isa = PBXBuildFile; fileRef = 420AD2701D42BD0D0017BCEE /* LaunchScreen.storyboard */; };
		42F96DBA1D42CE9A00A3E526 /* LoginViewController.swift in Sources */ = {isa = PBXBuildFile; fileRef = 42F96DB91D42CE9A00A3E526 /* LoginViewController.swift */; };
		42F96DC11D43122F00A3E526 /* User.swift in Sources */ = {isa = PBXBuildFile; fileRef = 42F96DC01D43122F00A3E526 /* User.swift */; };
		42F96DC31D43124F00A3E526 /* Tweet.swift in Sources */ = {isa = PBXBuildFile; fileRef = 42F96DC21D43124F00A3E526 /* Tweet.swift */; };
		42F96DC61D4324F500A3E526 /* TwitterAPIClient.swift in Sources */ = {isa = PBXBuildFile; fileRef = 42F96DC51D4324F500A3E526 /* TwitterAPIClient.swift */; };
		42F96DC81D436E2600A3E526 /* TweetsViewController.swift in Sources */ = {isa = PBXBuildFile; fileRef = 42F96DC71D436E2600A3E526 /* TweetsViewController.swift */; };
		42F96DCA1D43B1C600A3E526 /* TweetTableViewCell.xib in Resources */ = {isa = PBXBuildFile; fileRef = 42F96DC91D43B1C600A3E526 /* TweetTableViewCell.xib */; };
		42F96DCC1D43B1E700A3E526 /* TweetTableViewCell.swift in Sources */ = {isa = PBXBuildFile; fileRef = 42F96DCB1D43B1E700A3E526 /* TweetTableViewCell.swift */; };
		42F96DCE1D43D82100A3E526 /* ComposeTweetViewController.swift in Sources */ = {isa = PBXBuildFile; fileRef = 42F96DCD1D43D82100A3E526 /* ComposeTweetViewController.swift */; };
		EBA88638CBADA752F88B8529 /* Pods_TwitterClient.framework in Frameworks */ = {isa = PBXBuildFile; fileRef = 4034EF41E0984232FEFF89AF /* Pods_TwitterClient.framework */; };
/* End PBXBuildFile section */

/* Begin PBXFileReference section */
		4034EF41E0984232FEFF89AF /* Pods_TwitterClient.framework */ = {isa = PBXFileReference; explicitFileType = wrapper.framework; includeInIndex = 0; path = Pods_TwitterClient.framework; sourceTree = BUILT_PRODUCTS_DIR; };
		420AD2641D42BD0D0017BCEE /* TwitterClient.app */ = {isa = PBXFileReference; explicitFileType = wrapper.application; includeInIndex = 0; path = TwitterClient.app; sourceTree = BUILT_PRODUCTS_DIR; };
		420AD2671D42BD0D0017BCEE /* AppDelegate.swift */ = {isa = PBXFileReference; lastKnownFileType = sourcecode.swift; path = AppDelegate.swift; sourceTree = "<group>"; };
		420AD26C1D42BD0D0017BCEE /* Base */ = {isa = PBXFileReference; lastKnownFileType = file.storyboard; name = Base; path = Base.lproj/Main.storyboard; sourceTree = "<group>"; };
		420AD26E1D42BD0D0017BCEE /* Assets.xcassets */ = {isa = PBXFileReference; lastKnownFileType = folder.assetcatalog; path = Assets.xcassets; sourceTree = "<group>"; };
		420AD2711D42BD0D0017BCEE /* Base */ = {isa = PBXFileReference; lastKnownFileType = file.storyboard; name = Base; path = Base.lproj/LaunchScreen.storyboard; sourceTree = "<group>"; };
		420AD2731D42BD0D0017BCEE /* Info.plist */ = {isa = PBXFileReference; lastKnownFileType = text.plist.xml; path = Info.plist; sourceTree = "<group>"; };
		42F96DB91D42CE9A00A3E526 /* LoginViewController.swift */ = {isa = PBXFileReference; fileEncoding = 4; lastKnownFileType = sourcecode.swift; path = LoginViewController.swift; sourceTree = "<group>"; };
		42F96DC01D43122F00A3E526 /* User.swift */ = {isa = PBXFileReference; fileEncoding = 4; lastKnownFileType = sourcecode.swift; path = User.swift; sourceTree = "<group>"; };
		42F96DC21D43124F00A3E526 /* Tweet.swift */ = {isa = PBXFileReference; fileEncoding = 4; lastKnownFileType = sourcecode.swift; path = Tweet.swift; sourceTree = "<group>"; };
		42F96DC51D4324F500A3E526 /* TwitterAPIClient.swift */ = {isa = PBXFileReference; fileEncoding = 4; lastKnownFileType = sourcecode.swift; path = TwitterAPIClient.swift; sourceTree = "<group>"; };
		42F96DC71D436E2600A3E526 /* TweetsViewController.swift */ = {isa = PBXFileReference; fileEncoding = 4; lastKnownFileType = sourcecode.swift; path = TweetsViewController.swift; sourceTree = "<group>"; };
		42F96DC91D43B1C600A3E526 /* TweetTableViewCell.xib */ = {isa = PBXFileReference; fileEncoding = 4; lastKnownFileType = file.xib; path = TweetTableViewCell.xib; sourceTree = "<group>"; };
		42F96DCB1D43B1E700A3E526 /* TweetTableViewCell.swift */ = {isa = PBXFileReference; fileEncoding = 4; lastKnownFileType = sourcecode.swift; path = TweetTableViewCell.swift; sourceTree = "<group>"; };
		42F96DCD1D43D82100A3E526 /* ComposeTweetViewController.swift */ = {isa = PBXFileReference; fileEncoding = 4; lastKnownFileType = sourcecode.swift; path = ComposeTweetViewController.swift; sourceTree = "<group>"; };
		8D22D4EC852524A040C069F9 /* Pods-TwitterClient.release.xcconfig */ = {isa = PBXFileReference; includeInIndex = 1; lastKnownFileType = text.xcconfig; name = "Pods-TwitterClient.release.xcconfig"; path = "Pods/Target Support Files/Pods-TwitterClient/Pods-TwitterClient.release.xcconfig"; sourceTree = "<group>"; };
		E2AB2CC72A03557D59D81F5E /* Pods-TwitterClient.debug.xcconfig */ = {isa = PBXFileReference; includeInIndex = 1; lastKnownFileType = text.xcconfig; name = "Pods-TwitterClient.debug.xcconfig"; path = "Pods/Target Support Files/Pods-TwitterClient/Pods-TwitterClient.debug.xcconfig"; sourceTree = "<group>"; };
/* End PBXFileReference section */

/* Begin PBXFrameworksBuildPhase section */
		420AD2611D42BD0D0017BCEE /* Frameworks */ = {
			isa = PBXFrameworksBuildPhase;
			buildActionMask = 2147483647;
			files = (
				EBA88638CBADA752F88B8529 /* Pods_TwitterClient.framework in Frameworks */,
			);
			runOnlyForDeploymentPostprocessing = 0;
		};
/* End PBXFrameworksBuildPhase section */

/* Begin PBXGroup section */
		420AD25B1D42BD0D0017BCEE = {
			isa = PBXGroup;
			children = (
				420AD2661D42BD0D0017BCEE /* TwitterClient */,
				420AD2651D42BD0D0017BCEE /* Products */,
				57CAA7E6458CDCC38AD5FA1D /* Pods */,
				D5BA48BD0587B052405F000C /* Frameworks */,
			);
			sourceTree = "<group>";
		};
		420AD2651D42BD0D0017BCEE /* Products */ = {
			isa = PBXGroup;
			children = (
				420AD2641D42BD0D0017BCEE /* TwitterClient.app */,
			);
			name = Products;
			sourceTree = "<group>";
		};
		420AD2661D42BD0D0017BCEE /* TwitterClient */ = {
			isa = PBXGroup;
			children = (
				42F96DC41D43249100A3E526 /* API */,
				42F96DBD1D4311CB00A3E526 /* Views */,
				42F96DBC1D4311B600A3E526 /* Controllers */,
				42F96DBB1D4311A400A3E526 /* Models */,
				420AD2671D42BD0D0017BCEE /* AppDelegate.swift */,
				420AD26B1D42BD0D0017BCEE /* Main.storyboard */,
				420AD26E1D42BD0D0017BCEE /* Assets.xcassets */,
				420AD2701D42BD0D0017BCEE /* LaunchScreen.storyboard */,
				420AD2731D42BD0D0017BCEE /* Info.plist */,
			);
			path = TwitterClient;
			sourceTree = "<group>";
		};
		42F96DBB1D4311A400A3E526 /* Models */ = {
			isa = PBXGroup;
			children = (
				42F96DC01D43122F00A3E526 /* User.swift */,
				42F96DC21D43124F00A3E526 /* Tweet.swift */,
			);
			name = Models;
			sourceTree = "<group>";
		};
		42F96DBC1D4311B600A3E526 /* Controllers */ = {
			isa = PBXGroup;
			children = (
				42F96DB91D42CE9A00A3E526 /* LoginViewController.swift */,
				42F96DC71D436E2600A3E526 /* TweetsViewController.swift */,
				42F96DCD1D43D82100A3E526 /* ComposeTweetViewController.swift */,
			);
			name = Controllers;
			sourceTree = "<group>";
		};
		42F96DBD1D4311CB00A3E526 /* Views */ = {
			isa = PBXGroup;
			children = (
				42F96DC91D43B1C600A3E526 /* TweetTableViewCell.xib */,
				42F96DCB1D43B1E700A3E526 /* TweetTableViewCell.swift */,
			);
			name = Views;
			sourceTree = "<group>";
		};
		42F96DC41D43249100A3E526 /* API */ = {
			isa = PBXGroup;
			children = (
				42F96DC51D4324F500A3E526 /* TwitterAPIClient.swift */,
			);
			name = API;
			sourceTree = "<group>";
		};
		57CAA7E6458CDCC38AD5FA1D /* Pods */ = {
			isa = PBXGroup;
			children = (
				E2AB2CC72A03557D59D81F5E /* Pods-TwitterClient.debug.xcconfig */,
				8D22D4EC852524A040C069F9 /* Pods-TwitterClient.release.xcconfig */,
			);
			name = Pods;
			sourceTree = "<group>";
		};
		D5BA48BD0587B052405F000C /* Frameworks */ = {
			isa = PBXGroup;
			children = (
				4034EF41E0984232FEFF89AF /* Pods_TwitterClient.framework */,
			);
			name = Frameworks;
			sourceTree = "<group>";
		};
/* End PBXGroup section */

/* Begin PBXNativeTarget section */
		420AD2631D42BD0D0017BCEE /* TwitterClient */ = {
			isa = PBXNativeTarget;
			buildConfigurationList = 420AD2761D42BD0D0017BCEE /* Build configuration list for PBXNativeTarget "TwitterClient" */;
			buildPhases = (
				9AD2C22780FE3941CF75BA34 /* [CP] Check Pods Manifest.lock */,
				420AD2601D42BD0D0017BCEE /* Sources */,
				420AD2611D42BD0D0017BCEE /* Frameworks */,
				420AD2621D42BD0D0017BCEE /* Resources */,
				E6D966AFBEC437EEDD48452B /* [CP] Embed Pods Frameworks */,
				1FF312A7F59DD1296C5396EF /* [CP] Copy Pods Resources */,
			);
			buildRules = (
			);
			dependencies = (
			);
			name = TwitterClient;
			productName = TwitterClient;
			productReference = 420AD2641D42BD0D0017BCEE /* TwitterClient.app */;
			productType = "com.apple.product-type.application";
		};
/* End PBXNativeTarget section */

/* Begin PBXProject section */
		420AD25C1D42BD0D0017BCEE /* Project object */ = {
			isa = PBXProject;
			attributes = {
				LastSwiftUpdateCheck = 0730;
				LastUpgradeCheck = 0730;
				ORGANIZATIONNAME = Nhan;
				TargetAttributes = {
					420AD2631D42BD0D0017BCEE = {
						CreatedOnToolsVersion = 7.3.1;
					};
				};
			};
			buildConfigurationList = 420AD25F1D42BD0D0017BCEE /* Build configuration list for PBXProject "TwitterClient" */;
			compatibilityVersion = "Xcode 3.2";
			developmentRegion = English;
			hasScannedForEncodings = 0;
			knownRegions = (
				en,
				Base,
			);
			mainGroup = 420AD25B1D42BD0D0017BCEE;
			productRefGroup = 420AD2651D42BD0D0017BCEE /* Products */;
			projectDirPath = "";
			projectRoot = "";
			targets = (
				420AD2631D42BD0D0017BCEE /* TwitterClient */,
			);
		};
/* End PBXProject section */

/* Begin PBXResourcesBuildPhase section */
		420AD2621D42BD0D0017BCEE /* Resources */ = {
			isa = PBXResourcesBuildPhase;
			buildActionMask = 2147483647;
			files = (
				420AD2721D42BD0D0017BCEE /* LaunchScreen.storyboard in Resources */,
				420AD26F1D42BD0D0017BCEE /* Assets.xcassets in Resources */,
				420AD26D1D42BD0D0017BCEE /* Main.storyboard in Resources */,
				42F96DCA1D43B1C600A3E526 /* TweetTableViewCell.xib in Resources */,
			);
			runOnlyForDeploymentPostprocessing = 0;
		};
/* End PBXResourcesBuildPhase section */

/* Begin PBXShellScriptBuildPhase section */
		1FF312A7F59DD1296C5396EF /* [CP] Copy Pods Resources */ = {
			isa = PBXShellScriptBuildPhase;
			buildActionMask = 2147483647;
			files = (
			);
			inputPaths = (
			);
			name = "[CP] Copy Pods Resources";
			outputPaths = (
			);
			runOnlyForDeploymentPostprocessing = 0;
			shellPath = /bin/sh;
			shellScript = "\"${SRCROOT}/Pods/Target Support Files/Pods-TwitterClient/Pods-TwitterClient-resources.sh\"\n";
			showEnvVarsInLog = 0;
		};
		9AD2C22780FE3941CF75BA34 /* [CP] Check Pods Manifest.lock */ = {
			isa = PBXShellScriptBuildPhase;
			buildActionMask = 2147483647;
			files = (
			);
			inputPaths = (
			);
			name = "[CP] Check Pods Manifest.lock";
			outputPaths = (
			);
			runOnlyForDeploymentPostprocessing = 0;
			shellPath = /bin/sh;
			shellScript = "diff \"${PODS_ROOT}/../Podfile.lock\" \"${PODS_ROOT}/Manifest.lock\" > /dev/null\nif [[ $? != 0 ]] ; then\n    cat << EOM\nerror: The sandbox is not in sync with the Podfile.lock. Run 'pod install' or update your CocoaPods installation.\nEOM\n    exit 1\nfi\n";
			showEnvVarsInLog = 0;
		};
		E6D966AFBEC437EEDD48452B /* [CP] Embed Pods Frameworks */ = {
			isa = PBXShellScriptBuildPhase;
			buildActionMask = 2147483647;
			files = (
			);
			inputPaths = (
			);
			name = "[CP] Embed Pods Frameworks";
			outputPaths = (
			);
			runOnlyForDeploymentPostprocessing = 0;
			shellPath = /bin/sh;
			shellScript = "\"${SRCROOT}/Pods/Target Support Files/Pods-TwitterClient/Pods-TwitterClient-frameworks.sh\"\n";
			showEnvVarsInLog = 0;
		};
/* End PBXShellScriptBuildPhase section */

/* Begin PBXSourcesBuildPhase section */
		420AD2601D42BD0D0017BCEE /* Sources */ = {
			isa = PBXSourcesBuildPhase;
			buildActionMask = 2147483647;
			files = (
				42F96DC61D4324F500A3E526 /* TwitterAPIClient.swift in Sources */,
				42F96DBA1D42CE9A00A3E526 /* LoginViewController.swift in Sources */,
				42F96DCE1D43D82100A3E526 /* ComposeTweetViewController.swift in Sources */,
				42F96DC81D436E2600A3E526 /* TweetsViewController.swift in Sources */,
				420AD2681D42BD0D0017BCEE /* AppDelegate.swift in Sources */,
				42F96DC11D43122F00A3E526 /* User.swift in Sources */,
				42F96DC31D43124F00A3E526 /* Tweet.swift in Sources */,
				42F96DCC1D43B1E700A3E526 /* TweetTableViewCell.swift in Sources */,
			);
			runOnlyForDeploymentPostprocessing = 0;
		};
/* End PBXSourcesBuildPhase section */

/* Begin PBXVariantGroup section */
		420AD26B1D42BD0D0017BCEE /* Main.storyboard */ = {
			isa = PBXVariantGroup;
			children = (
				420AD26C1D42BD0D0017BCEE /* Base */,
			);
			name = Main.storyboard;
			sourceTree = "<group>";
		};
		420AD2701D42BD0D0017BCEE /* LaunchScreen.storyboard */ = {
			isa = PBXVariantGroup;
			children = (
				420AD2711D42BD0D0017BCEE /* Base */,
			);
			name = LaunchScreen.storyboard;
			sourceTree = "<group>";
		};
/* End PBXVariantGroup section */

/* Begin XCBuildConfiguration section */
		420AD2741D42BD0D0017BCEE /* Debug */ = {
			isa = XCBuildConfiguration;
			buildSettings = {
				ALWAYS_SEARCH_USER_PATHS = NO;
				CLANG_ANALYZER_NONNULL = YES;
				CLANG_CXX_LANGUAGE_STANDARD = "gnu++0x";
				CLANG_CXX_LIBRARY = "libc++";
				CLANG_ENABLE_MODULES = YES;
				CLANG_ENABLE_OBJC_ARC = YES;
				CLANG_WARN_BOOL_CONVERSION = YES;
				CLANG_WARN_CONSTANT_CONVERSION = YES;
				CLANG_WARN_DIRECT_OBJC_ISA_USAGE = YES_ERROR;
				CLANG_WARN_EMPTY_BODY = YES;
				CLANG_WARN_ENUM_CONVERSION = YES;
				CLANG_WARN_INT_CONVERSION = YES;
				CLANG_WARN_OBJC_ROOT_CLASS = YES_ERROR;
				CLANG_WARN_UNREACHABLE_CODE = YES;
				CLANG_WARN__DUPLICATE_METHOD_MATCH = YES;
				"CODE_SIGN_IDENTITY[sdk=iphoneos*]" = "iPhone Developer";
				COPY_PHASE_STRIP = NO;
				DEBUG_INFORMATION_FORMAT = dwarf;
				ENABLE_STRICT_OBJC_MSGSEND = YES;
				ENABLE_TESTABILITY = YES;
				GCC_C_LANGUAGE_STANDARD = gnu99;
				GCC_DYNAMIC_NO_PIC = NO;
				GCC_NO_COMMON_BLOCKS = YES;
				GCC_OPTIMIZATION_LEVEL = 0;
				GCC_PREPROCESSOR_DEFINITIONS = (
					"DEBUG=1",
					"$(inherited)",
				);
				GCC_WARN_64_TO_32_BIT_CONVERSION = YES;
				GCC_WARN_ABOUT_RETURN_TYPE = YES_ERROR;
				GCC_WARN_UNDECLARED_SELECTOR = YES;
				GCC_WARN_UNINITIALIZED_AUTOS = YES_AGGRESSIVE;
				GCC_WARN_UNUSED_FUNCTION = YES;
				GCC_WARN_UNUSED_VARIABLE = YES;
				IPHONEOS_DEPLOYMENT_TARGET = 9.3;
				MTL_ENABLE_DEBUG_INFO = YES;
				ONLY_ACTIVE_ARCH = YES;
				SDKROOT = iphoneos;
				SWIFT_OPTIMIZATION_LEVEL = "-Onone";
			};
			name = Debug;
		};
		420AD2751D42BD0D0017BCEE /* Release */ = {
			isa = XCBuildConfiguration;
			buildSettings = {
				ALWAYS_SEARCH_USER_PATHS = NO;
				CLANG_ANALYZER_NONNULL = YES;
				CLANG_CXX_LANGUAGE_STANDARD = "gnu++0x";
				CLANG_CXX_LIBRARY = "libc++";
				CLANG_ENABLE_MODULES = YES;
				CLANG_ENABLE_OBJC_ARC = YES;
				CLANG_WARN_BOOL_CONVERSION = YES;
				CLANG_WARN_CONSTANT_CONVERSION = YES;
				CLANG_WARN_DIRECT_OBJC_ISA_USAGE = YES_ERROR;
				CLANG_WARN_EMPTY_BODY = YES;
				CLANG_WARN_ENUM_CONVERSION = YES;
				CLANG_WARN_INT_CONVERSION = YES;
				CLANG_WARN_OBJC_ROOT_CLASS = YES_ERROR;
				CLANG_WARN_UNREACHABLE_CODE = YES;
				CLANG_WARN__DUPLICATE_METHOD_MATCH = YES;
				"CODE_SIGN_IDENTITY[sdk=iphoneos*]" = "iPhone Developer";
				COPY_PHASE_STRIP = NO;
				DEBUG_INFORMATION_FORMAT = "dwarf-with-dsym";
				ENABLE_NS_ASSERTIONS = NO;
				ENABLE_STRICT_OBJC_MSGSEND = YES;
				GCC_C_LANGUAGE_STANDARD = gnu99;
				GCC_NO_COMMON_BLOCKS = YES;
				GCC_WARN_64_TO_32_BIT_CONVERSION = YES;
				GCC_WARN_ABOUT_RETURN_TYPE = YES_ERROR;
				GCC_WARN_UNDECLARED_SELECTOR = YES;
				GCC_WARN_UNINITIALIZED_AUTOS = YES_AGGRESSIVE;
				GCC_WARN_UNUSED_FUNCTION = YES;
				GCC_WARN_UNUSED_VARIABLE = YES;
				IPHONEOS_DEPLOYMENT_TARGET = 9.3;
				MTL_ENABLE_DEBUG_INFO = NO;
				SDKROOT = iphoneos;
				VALIDATE_PRODUCT = YES;
			};
			name = Release;
		};
		420AD2771D42BD0D0017BCEE /* Debug */ = {
			isa = XCBuildConfiguration;
			baseConfigurationReference = E2AB2CC72A03557D59D81F5E /* Pods-TwitterClient.debug.xcconfig */;
			buildSettings = {
				ASSETCATALOG_COMPILER_APPICON_NAME = AppIcon;
				INFOPLIST_FILE = TwitterClient/Info.plist;
				LD_RUNPATH_SEARCH_PATHS = "$(inherited) @executable_path/Frameworks";
				PRODUCT_BUNDLE_IDENTIFIER = com.nhan.TwitterClient;
				PRODUCT_NAME = "$(TARGET_NAME)";
			};
			name = Debug;
		};
		420AD2781D42BD0D0017BCEE /* Release */ = {
			isa = XCBuildConfiguration;
			baseConfigurationReference = 8D22D4EC852524A040C069F9 /* Pods-TwitterClient.release.xcconfig */;
			buildSettings = {
				ASSETCATALOG_COMPILER_APPICON_NAME = AppIcon;
				INFOPLIST_FILE = TwitterClient/Info.plist;
				LD_RUNPATH_SEARCH_PATHS = "$(inherited) @executable_path/Frameworks";
				PRODUCT_BUNDLE_IDENTIFIER = com.nhan.TwitterClient;
				PRODUCT_NAME = "$(TARGET_NAME)";
			};
			name = Release;
		};
/* End XCBuildConfiguration section */

/* Begin XCConfigurationList section */
		420AD25F1D42BD0D0017BCEE /* Build configuration list for PBXProject "TwitterClient" */ = {
			isa = XCConfigurationList;
			buildConfigurations = (
				420AD2741D42BD0D0017BCEE /* Debug */,
				420AD2751D42BD0D0017BCEE /* Release */,
			);
			defaultConfigurationIsVisible = 0;
			defaultConfigurationName = Release;
		};
		420AD2761D42BD0D0017BCEE /* Build configuration list for PBXNativeTarget "TwitterClient" */ = {
			isa = XCConfigurationList;
			buildConfigurations = (
				420AD2771D42BD0D0017BCEE /* Debug */,
				420AD2781D42BD0D0017BCEE /* Release */,
			);
			defaultConfigurationIsVisible = 0;
			defaultConfigurationName = Release;
		};
/* End XCConfigurationList section */
	};
	rootObject = 420AD25C1D42BD0D0017BCEE /* Project object */;
}
